
Microsoft Visual Studio Solution File, Format Version 12.00
# Visual Studio Version 17
VisualStudioVersion = 17.7.34031.279
MinimumVisualStudioVersion = 10.0.40219.1
Project("{FAE04EC0-301F-11D3-BF4B-00C04F79EFBC}") = "Week13SQLiteDB", "Week13SQLiteDB\Week13SQLiteDB.csproj", "{055E1A21-8BA2-4F51-9509-EB481EC52831}"
EndProject
Global
	GlobalSection(SolutionConfigurationPlatforms) = preSolution
		Debug|Any CPU = Debug|Any CPU
		Release|Any CPU = Release|Any CPU
	EndGlobalSection
	GlobalSection(ProjectConfigurationPlatforms) = postSolution
		{055E1A21-8BA2-4F51-9509-EB481EC52831}.Debug|Any CPU.ActiveCfg = Debug|Any CPU
		{055E1A21-8BA2-4F51-9509-EB481EC52831}.Debug|Any CPU.Build.0 = Debug|Any CPU
		{055E1A21-8BA2-4F51-9509-EB481EC52831}.Release|Any CPU.ActiveCfg = Release|Any CPU
		{055E1A21-8BA2-4F51-9509-EB481EC52831}.Release|Any CPU.Build.0 = Release|Any CPU
	EndGlobalSection
	GlobalSection(SolutionProperties) = preSolution
		HideSolutionNode = FALSE
	EndGlobalSection
	GlobalSection(ExtensibilityGlobals) = postSolution
		SolutionGuid = {0E2AA7D5-F8DE-409D-B7EA-61DE4B46515C}
	EndGlobalSection
EndGlobal
